
Microsoft Visual Studio Solution File, Format Version 12.00
# Visual Studio Version 17
VisualStudioVersion = 17.11.35327.3
MinimumVisualStudioVersion = 10.0.40219.1
Project("{FAE04EC0-301F-11D3-BF4B-00C04F79EFBC}") = "ChatFinal", "ChatFinal.csproj", "{B4E0CFB1-9884-4675-A7EA-8C0E49446A4C}"
EndProject
Global
	GlobalSection(SolutionConfigurationPlatforms) = preSolution
		Debug|Any CPU = Debug|Any CPU
		Release|Any CPU = Release|Any CPU
	EndGlobalSection
	GlobalSection(ProjectConfigurationPlatforms) = postSolution
		{B4E0CFB1-9884-4675-A7EA-8C0E49446A4C}.Debug|Any CPU.ActiveCfg = Debug|Any CPU
		{B4E0CFB1-9884-4675-A7EA-8C0E49446A4C}.Debug|Any CPU.Build.0 = Debug|Any CPU
		{B4E0CFB1-9884-4675-A7EA-8C0E49446A4C}.Release|Any CPU.ActiveCfg = Release|Any CPU
		{B4E0CFB1-9884-4675-A7EA-8C0E49446A4C}.Release|Any CPU.Build.0 = Release|Any CPU
	EndGlobalSection
	GlobalSection(SolutionProperties) = preSolution
		HideSolutionNode = FALSE
	EndGlobalSection
	GlobalSection(ExtensibilityGlobals) = postSolution
		SolutionGuid = {5B646641-C469-4B2F-921C-5F91766DF432}
	EndGlobalSection
EndGlobal
